
Microsoft Visual Studio Solution File, Format Version 12.00
# Visual Studio 14
VisualStudioVersion = 14.0.24720.0
MinimumVisualStudioVersion = 10.0.40219.1
Project("{2150E333-8FDC-42A3-9474-1A3956D46DE8}") = "Data", "Data", "{15F6F02F-90EE-4032-9B27-60E03A8280DD}"
EndProject
Project("{2150E333-8FDC-42A3-9474-1A3956D46DE8}") = "Web", "Web", "{3E33E62F-209C-415E-83CC-960E2D38879C}"
EndProject
Project("{FAE04EC0-301F-11D3-BF4B-00C04F79EFBC}") = "WatchMe.Data", "Data\WatchMe.Data\WatchMe.Data.csproj", "{9A9A3730-812E-4B8E-8B1A-1811D2784313}"
EndProject
Project("{FAE04EC0-301F-11D3-BF4B-00C04F79EFBC}") = "WatchMe.Data.Models", "Data\WatchMe.Data.Models\WatchMe.Data.Models.csproj", "{9A29DBA9-31A4-4D59-9438-7DE85FCB57F9}"
EndProject
Project("{FAE04EC0-301F-11D3-BF4B-00C04F79EFBC}") = "WatchMe.Web", "Web\WatchMe.Web\WatchMe.Web.csproj", "{475AEDDF-866C-4AFD-ADAB-57472026276A}"
EndProject
Project("{FAE04EC0-301F-11D3-BF4B-00C04F79EFBC}") = "WatchMe.Web.Infastructure", "Web\WatchMe.Web.Infastructure\WatchMe.Web.Infastructure.csproj", "{D0DD816A-ECFA-41EA-96B8-58AA12E4A457}"
EndProject
Project("{FAE04EC0-301F-11D3-BF4B-00C04F79EFBC}") = "WatchMe.Data.Common", "Data\WatchMe.Data.Common\WatchMe.Data.Common.csproj", "{E6DE3C20-A3B0-41CF-996D-F797FE6509EF}"
EndProject
Project("{2150E333-8FDC-42A3-9474-1A3956D46DE8}") = "Common", "Common", "{C15225CC-19B7-4C1A-AEF8-959BC12E3C3D}"
EndProject
Project("{2150E333-8FDC-42A3-9474-1A3956D46DE8}") = "Services", "Services", "{3FF5C8CF-59B4-40C2-BA0B-E3D871E97218}"
EndProject
Project("{FAE04EC0-301F-11D3-BF4B-00C04F79EFBC}") = "WatchMe.Services.Data", "Services\WatchMe.Services.Data\WatchMe.Services.Data.csproj", "{B6389F2B-E0E8-40E5-B9D2-5C2A02D0BD96}"
EndProject
Project("{FAE04EC0-301F-11D3-BF4B-00C04F79EFBC}") = "WatchMe.Web.Common", "Common\WatchMe.Web.Common\WatchMe.Web.Common.csproj", "{672242D0-CC92-437A-B873-97739E03BDA9}"
EndProject
Project("{FAE04EC0-301F-11D3-BF4B-00C04F79EFBC}") = "WatchMe.Services.Common", "Services\WatchMe.Services.Common\WatchMe.Services.Common.csproj", "{A022A784-7F84-488A-AE05-E0726FABFD22}"
EndProject
Project("{FAE04EC0-301F-11D3-BF4B-00C04F79EFBC}") = "WatchMe.Services.Web", "Services\WatchMe.Services.Web\WatchMe.Services.Web.csproj", "{3188F280-8978-4FF9-A21A-D907EDD4B4DC}"
EndProject
Project("{2150E333-8FDC-42A3-9474-1A3956D46DE8}") = "Solution Items", "Solution Items", "{FEE2EA4B-33CE-49C9-8C44-BE20B8CCDBD8}"
	ProjectSection(SolutionItems) = preProject
		RuleSet.ruleset = RuleSet.ruleset
	EndProjectSection
EndProject
Global
	GlobalSection(SolutionConfigurationPlatforms) = preSolution
		Debug|Any CPU = Debug|Any CPU
		Release|Any CPU = Release|Any CPU
	EndGlobalSection
	GlobalSection(ProjectConfigurationPlatforms) = postSolution
		{9A9A3730-812E-4B8E-8B1A-1811D2784313}.Debug|Any CPU.ActiveCfg = Debug|Any CPU
		{9A9A3730-812E-4B8E-8B1A-1811D2784313}.Debug|Any CPU.Build.0 = Debug|Any CPU
		{9A9A3730-812E-4B8E-8B1A-1811D2784313}.Release|Any CPU.ActiveCfg = Release|Any CPU
		{9A9A3730-812E-4B8E-8B1A-1811D2784313}.Release|Any CPU.Build.0 = Release|Any CPU
		{9A29DBA9-31A4-4D59-9438-7DE85FCB57F9}.Debug|Any CPU.ActiveCfg = Debug|Any CPU
		{9A29DBA9-31A4-4D59-9438-7DE85FCB57F9}.Debug|Any CPU.Build.0 = Debug|Any CPU
		{9A29DBA9-31A4-4D59-9438-7DE85FCB57F9}.Release|Any CPU.ActiveCfg = Release|Any CPU
		{9A29DBA9-31A4-4D59-9438-7DE85FCB57F9}.Release|Any CPU.Build.0 = Release|Any CPU
		{475AEDDF-866C-4AFD-ADAB-57472026276A}.Debug|Any CPU.ActiveCfg = Debug|Any CPU
		{475AEDDF-866C-4AFD-ADAB-57472026276A}.Debug|Any CPU.Build.0 = Debug|Any CPU
		{475AEDDF-866C-4AFD-ADAB-57472026276A}.Release|Any CPU.ActiveCfg = Release|Any CPU
		{475AEDDF-866C-4AFD-ADAB-57472026276A}.Release|Any CPU.Build.0 = Release|Any CPU
		{D0DD816A-ECFA-41EA-96B8-58AA12E4A457}.Debug|Any CPU.ActiveCfg = Debug|Any CPU
		{D0DD816A-ECFA-41EA-96B8-58AA12E4A457}.Debug|Any CPU.Build.0 = Debug|Any CPU
		{D0DD816A-ECFA-41EA-96B8-58AA12E4A457}.Release|Any CPU.ActiveCfg = Release|Any CPU
		{D0DD816A-ECFA-41EA-96B8-58AA12E4A457}.Release|Any CPU.Build.0 = Release|Any CPU
		{E6DE3C20-A3B0-41CF-996D-F797FE6509EF}.Debug|Any CPU.ActiveCfg = Debug|Any CPU
		{E6DE3C20-A3B0-41CF-996D-F797FE6509EF}.Debug|Any CPU.Build.0 = Debug|Any CPU
		{E6DE3C20-A3B0-41CF-996D-F797FE6509EF}.Release|Any CPU.ActiveCfg = Release|Any CPU
		{E6DE3C20-A3B0-41CF-996D-F797FE6509EF}.Release|Any CPU.Build.0 = Release|Any CPU
		{B6389F2B-E0E8-40E5-B9D2-5C2A02D0BD96}.Debug|Any CPU.ActiveCfg = Debug|Any CPU
		{B6389F2B-E0E8-40E5-B9D2-5C2A02D0BD96}.Debug|Any CPU.Build.0 = Debug|Any CPU
		{B6389F2B-E0E8-40E5-B9D2-5C2A02D0BD96}.Release|Any CPU.ActiveCfg = Release|Any CPU
		{B6389F2B-E0E8-40E5-B9D2-5C2A02D0BD96}.Release|Any CPU.Build.0 = Release|Any CPU
		{672242D0-CC92-437A-B873-97739E03BDA9}.Debug|Any CPU.ActiveCfg = Debug|Any CPU
		{672242D0-CC92-437A-B873-97739E03BDA9}.Debug|Any CPU.Build.0 = Debug|Any CPU
		{672242D0-CC92-437A-B873-97739E03BDA9}.Release|Any CPU.ActiveCfg = Release|Any CPU
		{672242D0-CC92-437A-B873-97739E03BDA9}.Release|Any CPU.Build.0 = Release|Any CPU
		{A022A784-7F84-488A-AE05-E0726FABFD22}.Debug|Any CPU.ActiveCfg = Debug|Any CPU
		{A022A784-7F84-488A-AE05-E0726FABFD22}.Debug|Any CPU.Build.0 = Debug|Any CPU
		{A022A784-7F84-488A-AE05-E0726FABFD22}.Release|Any CPU.ActiveCfg = Release|Any CPU
		{A022A784-7F84-488A-AE05-E0726FABFD22}.Release|Any CPU.Build.0 = Release|Any CPU
		{3188F280-8978-4FF9-A21A-D907EDD4B4DC}.Debug|Any CPU.ActiveCfg = Debug|Any CPU
		{3188F280-8978-4FF9-A21A-D907EDD4B4DC}.Debug|Any CPU.Build.0 = Debug|Any CPU
		{3188F280-8978-4FF9-A21A-D907EDD4B4DC}.Release|Any CPU.ActiveCfg = Release|Any CPU
		{3188F280-8978-4FF9-A21A-D907EDD4B4DC}.Release|Any CPU.Build.0 = Release|Any CPU
	EndGlobalSection
	GlobalSection(SolutionProperties) = preSolution
		HideSolutionNode = FALSE
	EndGlobalSection
	GlobalSection(NestedProjects) = preSolution
		{9A9A3730-812E-4B8E-8B1A-1811D2784313} = {15F6F02F-90EE-4032-9B27-60E03A8280DD}
		{9A29DBA9-31A4-4D59-9438-7DE85FCB57F9} = {15F6F02F-90EE-4032-9B27-60E03A8280DD}
		{475AEDDF-866C-4AFD-ADAB-57472026276A} = {3E33E62F-209C-415E-83CC-960E2D38879C}
		{D0DD816A-ECFA-41EA-96B8-58AA12E4A457} = {3E33E62F-209C-415E-83CC-960E2D38879C}
		{E6DE3C20-A3B0-41CF-996D-F797FE6509EF} = {15F6F02F-90EE-4032-9B27-60E03A8280DD}
		{B6389F2B-E0E8-40E5-B9D2-5C2A02D0BD96} = {3FF5C8CF-59B4-40C2-BA0B-E3D871E97218}
		{672242D0-CC92-437A-B873-97739E03BDA9} = {C15225CC-19B7-4C1A-AEF8-959BC12E3C3D}
		{A022A784-7F84-488A-AE05-E0726FABFD22} = {3FF5C8CF-59B4-40C2-BA0B-E3D871E97218}
		{3188F280-8978-4FF9-A21A-D907EDD4B4DC} = {3FF5C8CF-59B4-40C2-BA0B-E3D871E97218}
	EndGlobalSection
EndGlobal
